// !$*UTF8*$!
{
	archiveVersion = 1;
	classes = {
	};
	objectVersion = 46;
	objects = {

/* Begin PBXBuildFile section */
		8387B19E197C4A9A00FDF2F7 /* libcdel.c in Sources */ = {isa = PBXBuildFile; fileRef = 8387B19A197C4A9A00FDF2F7 /* libcdel.c */; };
		8387B19F197C4A9A00FDF2F7 /* libcdel.h in Headers */ = {isa = PBXBuildFile; fileRef = 8387B19B197C4A9A00FDF2F7 /* libcdel.h */; };
		8387B1A1197C4AF900FDF2F7 /* libcrypto.0.9.8.dylib in Frameworks */ = {isa = PBXBuildFile; fileRef = 8387B1A0197C4AF900FDF2F7 /* libcrypto.0.9.8.dylib */; };
/* End PBXBuildFile section */

/* Begin PBXFileReference section */
		834F409F197C49ED00E2284E /* liblibcdel.dylib */ = {isa = PBXFileReference; explicitFileType = "compiled.mach-o.dylib"; includeInIndex = 0; path = liblibcdel.dylib; sourceTree = BUILT_PRODUCTS_DIR; };
		8387B19A197C4A9A00FDF2F7 /* libcdel.c */ = {isa = PBXFileReference; fileEncoding = 4; lastKnownFileType = sourcecode.c.c; path = libcdel.c; sourceTree = "<group>"; };
		8387B19B197C4A9A00FDF2F7 /* libcdel.h */ = {isa = PBXFileReference; fileEncoding = 4; lastKnownFileType = sourcecode.c.h; path = libcdel.h; sourceTree = "<group>"; };
		8387B1A0197C4AF900FDF2F7 /* libcrypto.0.9.8.dylib */ = {isa = PBXFileReference; lastKnownFileType = "compiled.mach-o.dylib"; name = libcrypto.0.9.8.dylib; path = usr/lib/libcrypto.0.9.8.dylib; sourceTree = SDKROOT; };
/* End PBXFileReference section */

/* Begin PBXFrameworksBuildPhase section */
		834F409C197C49ED00E2284E /* Frameworks */ = {
			isa = PBXFrameworksBuildPhase;
			buildActionMask = 2147483647;
			files = (
				8387B1A1197C4AF900FDF2F7 /* libcrypto.0.9.8.dylib in Frameworks */,
			);
			runOnlyForDeploymentPostprocessing = 0;
		};
/* End PBXFrameworksBuildPhase section */

/* Begin PBXGroup section */
		834F4096197C49ED00E2284E = {
			isa = PBXGroup;
			children = (
				8387B199197C4A9A00FDF2F7 /* Source */,
				834F40A0197C49ED00E2284E /* Products */,
				8387B1A2197C4B1500FDF2F7 /* Libraries */,
			);
			sourceTree = "<group>";
		};
		834F40A0197C49ED00E2284E /* Products */ = {
			isa = PBXGroup;
			children = (
				834F409F197C49ED00E2284E /* liblibcdel.dylib */,
			);
			name = Products;
			sourceTree = "<group>";
		};
		8387B199197C4A9A00FDF2F7 /* Source */ = {
			isa = PBXGroup;
			children = (
				8387B19A197C4A9A00FDF2F7 /* libcdel.c */,
				8387B19B197C4A9A00FDF2F7 /* libcdel.h */,
			);
			name = Source;
			path = src;
			sourceTree = "<group>";
		};
		8387B1A2197C4B1500FDF2F7 /* Libraries */ = {
			isa = PBXGroup;
			children = (
				8387B1A0197C4AF900FDF2F7 /* libcrypto.0.9.8.dylib */,
			);
			name = Libraries;
			sourceTree = "<group>";
		};
/* End PBXGroup section */

/* Begin PBXHeadersBuildPhase section */
		834F409D197C49ED00E2284E /* Headers */ = {
			isa = PBXHeadersBuildPhase;
			buildActionMask = 2147483647;
			files = (
				8387B19F197C4A9A00FDF2F7 /* libcdel.h in Headers */,
			);
			runOnlyForDeploymentPostprocessing = 0;
		};
/* End PBXHeadersBuildPhase section */

/* Begin PBXNativeTarget section */
		834F409E197C49ED00E2284E /* libcdel */ = {
			isa = PBXNativeTarget;
			buildConfigurationList = 834F40A3197C49ED00E2284E /* Build configuration list for PBXNativeTarget "libcdel" */;
			buildPhases = (
				834F409B197C49ED00E2284E /* Sources */,
				834F409C197C49ED00E2284E /* Frameworks */,
				834F409D197C49ED00E2284E /* Headers */,
			);
			buildRules = (
			);
			dependencies = (
			);
			name = libcdel;
			productName = libcdel;
			productReference = 834F409F197C49ED00E2284E /* liblibcdel.dylib */;
			productType = "com.apple.product-type.library.dynamic";
		};
/* End PBXNativeTarget section */

/* Begin PBXProject section */
		834F4097197C49ED00E2284E /* Project object */ = {
			isa = PBXProject;
			attributes = {
				LastUpgradeCheck = 0510;
				ORGANIZATIONNAME = "Chris Morrison";
			};
			buildConfigurationList = 834F409A197C49ED00E2284E /* Build configuration list for PBXProject "libcdel" */;
			compatibilityVersion = "Xcode 3.2";
			developmentRegion = English;
			hasScannedForEncodings = 0;
			knownRegions = (
				en,
			);
			mainGroup = 834F4096197C49ED00E2284E;
			productRefGroup = 834F40A0197C49ED00E2284E /* Products */;
			projectDirPath = "";
			projectRoot = "";
			targets = (
				834F409E197C49ED00E2284E /* libcdel */,
			);
		};
/* End PBXProject section */

/* Begin PBXSourcesBuildPhase section */
		834F409B197C49ED00E2284E /* Sources */ = {
			isa = PBXSourcesBuildPhase;
			buildActionMask = 2147483647;
			files = (
				8387B19E197C4A9A00FDF2F7 /* libcdel.c in Sources */,
			);
			runOnlyForDeploymentPostprocessing = 0;
		};
/* End PBXSourcesBuildPhase section */

/* Begin XCBuildConfiguration section */
		834F40A1197C49ED00E2284E /* Debug */ = {
			isa = XCBuildConfiguration;
			buildSettings = {
				ALWAYS_SEARCH_USER_PATHS = NO;
				CLANG_CXX_LANGUAGE_STANDARD = "gnu++0x";
				CLANG_CXX_LIBRARY = "libc++";
				CLANG_ENABLE_MODULES = YES;
				CLANG_ENABLE_OBJC_ARC = YES;
				CLANG_WARN_BOOL_CONVERSION = YES;
				CLANG_WARN_CONSTANT_CONVERSION = YES;
				CLANG_WARN_DIRECT_OBJC_ISA_USAGE = YES_ERROR;
				CLANG_WARN_EMPTY_BODY = YES;
				CLANG_WARN_ENUM_CONVERSION = YES;
				CLANG_WARN_INT_CONVERSION = YES;
				CLANG_WARN_OBJC_ROOT_CLASS = YES_ERROR;
				CLANG_WARN__DUPLICATE_METHOD_MATCH = YES;
				COPY_PHASE_STRIP = NO;
				GCC_C_LANGUAGE_STANDARD = gnu99;
				GCC_DYNAMIC_NO_PIC = NO;
				GCC_ENABLE_OBJC_EXCEPTIONS = YES;
				GCC_OPTIMIZATION_LEVEL = 0;
				GCC_PREPROCESSOR_DEFINITIONS = (
					"DEBUG=1",
					"$(inherited)",
				);
				GCC_SYMBOLS_PRIVATE_EXTERN = NO;
				GCC_WARN_64_TO_32_BIT_CONVERSION = YES;
				GCC_WARN_ABOUT_RETURN_TYPE = YES_ERROR;
				GCC_WARN_UNDECLARED_SELECTOR = YES;
				GCC_WARN_UNINITIALIZED_AUTOS = YES_AGGRESSIVE;
				GCC_WARN_UNUSED_FUNCTION = YES;
				GCC_WARN_UNUSED_VARIABLE = YES;
				MACOSX_DEPLOYMENT_TARGET = 10.9;
				ONLY_ACTIVE_ARCH = YES;
				SDKROOT = macosx;
			};
			name = Debug;
		};
		834F40A2197C49ED00E2284E /* Release */ = {
			isa = XCBuildConfiguration;
			buildSettings = {
				ALWAYS_SEARCH_USER_PATHS = NO;
				CLANG_CXX_LANGUAGE_STANDARD = "gnu++0x";
				CLANG_CXX_LIBRARY = "libc++";
				CLANG_ENABLE_MODULES = YES;
				CLANG_ENABLE_OBJC_ARC = YES;
				CLANG_WARN_BOOL_CONVERSION = YES;
				CLANG_WARN_CONSTANT_CONVERSION = YES;
				CLANG_WARN_DIRECT_OBJC_ISA_USAGE = YES_ERROR;
				CLANG_WARN_EMPTY_BODY = YES;
				CLANG_WARN_ENUM_CONVERSION = YES;
				CLANG_WARN_INT_CONVERSION = YES;
				CLANG_WARN_OBJC_ROOT_CLASS = YES_ERROR;
				CLANG_WARN__DUPLICATE_METHOD_MATCH = YES;
				COPY_PHASE_STRIP = YES;
				DEBUG_INFORMATION_FORMAT = "dwarf-with-dsym";
				ENABLE_NS_ASSERTIONS = NO;
				GCC_C_LANGUAGE_STANDARD = gnu99;
				GCC_ENABLE_OBJC_EXCEPTIONS = YES;
				GCC_WARN_64_TO_32_BIT_CONVERSION = YES;
				GCC_WARN_ABOUT_RETURN_TYPE = YES_ERROR;
				GCC_WARN_UNDECLARED_SELECTOR = YES;
				GCC_WARN_UNINITIALIZED_AUTOS = YES_AGGRESSIVE;
				GCC_WARN_UNUSED_FUNCTION = YES;
				GCC_WARN_UNUSED_VARIABLE = YES;
				MACOSX_DEPLOYMENT_TARGET = 10.9;
				SDKROOT = macosx;
			};
			name = Release;
		};
		834F40A4197C49ED00E2284E /* Debug */ = {
			isa = XCBuildConfiguration;
			buildSettings = {
				EXECUTABLE_PREFIX = lib;
				PRODUCT_NAME = "$(TARGET_NAME)";
			};
			name = Debug;
		};
		834F40A5197C49ED00E2284E /* Release */ = {
			isa = XCBuildConfiguration;
			buildSettings = {
				EXECUTABLE_PREFIX = lib;
				PRODUCT_NAME = "$(TARGET_NAME)";
			};
			name = Release;
		};
/* End XCBuildConfiguration section */

/* Begin XCConfigurationList section */
		834F409A197C49ED00E2284E /* Build configuration list for PBXProject "libcdel" */ = {
			isa = XCConfigurationList;
			buildConfigurations = (
				834F40A1197C49ED00E2284E /* Debug */,
				834F40A2197C49ED00E2284E /* Release */,
			);
			defaultConfigurationIsVisible = 0;
			defaultConfigurationName = Release;
		};
		834F40A3197C49ED00E2284E /* Build configuration list for PBXNativeTarget "libcdel" */ = {
			isa = XCConfigurationList;
			buildConfigurations = (
				834F40A4197C49ED00E2284E /* Debug */,
				834F40A5197C49ED00E2284E /* Release */,
			);
			defaultConfigurationIsVisible = 0;
			defaultConfigurationName = Release;
		};
/* End XCConfigurationList section */
	};
	rootObject = 834F4097197C49ED00E2284E /* Project object */;
}
